
Microsoft Visual Studio Solution File, Format Version 12.00
# Visual Studio 14
VisualStudioVersion = 14.0.25420.1
MinimumVisualStudioVersion = 10.0.40219.1
Project("{FAE04EC0-301F-11D3-BF4B-00C04F79EFBC}") = "Singleton", "Singleton\Singleton.csproj", "{13466875-E0B4-45CB-A1A5-AD00C9562F66}"
EndProject
Project("{FAE04EC0-301F-11D3-BF4B-00C04F79EFBC}") = "BankingSystem", "BankingSystem\BankingSystem.csproj", "{3FC1D25F-9835-4FD4-9977-049BCF86F77F}"
EndProject
Global
	GlobalSection(SolutionConfigurationPlatforms) = preSolution
		Debug|Any CPU = Debug|Any CPU
		Release|Any CPU = Release|Any CPU
	EndGlobalSection
	GlobalSection(ProjectConfigurationPlatforms) = postSolution
		{13466875-E0B4-45CB-A1A5-AD00C9562F66}.Debug|Any CPU.ActiveCfg = Debug|Any CPU
		{13466875-E0B4-45CB-A1A5-AD00C9562F66}.Debug|Any CPU.Build.0 = Debug|Any CPU
		{13466875-E0B4-45CB-A1A5-AD00C9562F66}.Release|Any CPU.ActiveCfg = Release|Any CPU
		{13466875-E0B4-45CB-A1A5-AD00C9562F66}.Release|Any CPU.Build.0 = Release|Any CPU
		{3FC1D25F-9835-4FD4-9977-049BCF86F77F}.Debug|Any CPU.ActiveCfg = Debug|Any CPU
		{3FC1D25F-9835-4FD4-9977-049BCF86F77F}.Debug|Any CPU.Build.0 = Debug|Any CPU
		{3FC1D25F-9835-4FD4-9977-049BCF86F77F}.Release|Any CPU.ActiveCfg = Release|Any CPU
		{3FC1D25F-9835-4FD4-9977-049BCF86F77F}.Release|Any CPU.Build.0 = Release|Any CPU
	EndGlobalSection
	GlobalSection(SolutionProperties) = preSolution
		HideSolutionNode = FALSE
	EndGlobalSection
EndGlobal
